{
  "name": "templates",
  "version": "1.0.0",
  "lockfileVersion": 2,
  "requires": true,
  "packages": {
    "": {
      "name": "templates",
      "version": "1.0.0",
      "license": "ISC",
      "dependencies": {
        "animejs": "^3.2.1",
        "gsap": "^3.10.3"
      }
    },
    "node_modules/animejs": {
      "version": "3.2.1",
      "resolved": "https://registry.npmjs.org/animejs/-/animejs-3.2.1.tgz",
      "integrity": "sha512-sWno3ugFryK5nhiDm/2BKeFCpZv7vzerWUcUPyAZLDhMek3+S/p418ldZJbJXo5ZUOpfm2kP2XRO4NJcULMy9A=="
    },
    "node_modules/gsap": {
      "version": "3.10.3",
      "resolved": "https://registry.npmjs.org/gsap/-/gsap-3.10.3.tgz",
      "integrity": "sha512-O4P5mC6awoo0uSemZ1kS1Nm52I4/3gC8gy6ws6VFXvR1KmA4oRlBY/ZI4+LWsH0MoSDZrpwNyF9FAkB37UTGVg=="
    }
  },
  "dependencies": {
    "animejs": {
      "version": "3.2.1",
      "resolved": "https://registry.npmjs.org/animejs/-/animejs-3.2.1.tgz",
      "integrity": "sha512-sWno3ugFryK5nhiDm/2BKeFCpZv7vzerWUcUPyAZLDhMek3+S/p418ldZJbJXo5ZUOpfm2kP2XRO4NJcULMy9A=="
    },
    "gsap": {
      "version": "3.10.3",
      "resolved": "https://registry.npmjs.org/gsap/-/gsap-3.10.3.tgz",
      "integrity": "sha512-O4P5mC6awoo0uSemZ1kS1Nm52I4/3gC8gy6ws6VFXvR1KmA4oRlBY/ZI4+LWsH0MoSDZrpwNyF9FAkB37UTGVg=="
    }
  }
}
